
Microsoft Visual Studio Solution File, Format Version 12.00
# Visual Studio Version 18
VisualStudioVersion = 18.1.11304.174 d18.0
MinimumVisualStudioVersion = 10.0.40219.1
Project("{FAE04EC0-301F-11D3-BF4B-00C04F79EFBC}") = "AsterWebCamTo1C", "AsterWebCamTo1C.csproj", "{6FCB54DB-B9FF-ABCD-09C5-4287871C4284}"
EndProject
Global
	GlobalSection(SolutionConfigurationPlatforms) = preSolution
		Debug|Any CPU = Debug|Any CPU
		Release|Any CPU = Release|Any CPU
	EndGlobalSection
	GlobalSection(ProjectConfigurationPlatforms) = postSolution
		{6FCB54DB-B9FF-ABCD-09C5-4287871C4284}.Debug|Any CPU.ActiveCfg = Debug|Any CPU
		{6FCB54DB-B9FF-ABCD-09C5-4287871C4284}.Debug|Any CPU.Build.0 = Debug|Any CPU
		{6FCB54DB-B9FF-ABCD-09C5-4287871C4284}.Release|Any CPU.ActiveCfg = Release|Any CPU
		{6FCB54DB-B9FF-ABCD-09C5-4287871C4284}.Release|Any CPU.Build.0 = Release|Any CPU
	EndGlobalSection
	GlobalSection(SolutionProperties) = preSolution
		HideSolutionNode = FALSE
	EndGlobalSection
	GlobalSection(ExtensibilityGlobals) = postSolution
		SolutionGuid = {17BCEA6C-5959-4DB3-9B02-12B297DCBDAB}
	EndGlobalSection
EndGlobal
